{
  "name": "@yk-trip-planner/shared",
  "version": "1.0.0",
  "lockfileVersion": 3,
  "requires": true,
  "packages": {
    "": {
      "name": "@yk-trip-planner/shared",
      "version": "1.0.0",
      "dependencies": {
        "@types/node": "^20.10.0",
        "@yk-trip-planner/types": "file:../types",
        "date-fns": "^3.0.6"
      },
      "devDependencies": {
        "typescript": "^5.3.3"
      }
    },
    "../types": {
      "name": "@yk-trip-planner/types",
      "version": "1.0.0",
      "dependencies": {
        "zod": "^3.22.4"
      },
      "devDependencies": {
        "typescript": "^5.3.3"
      }
    },
    "node_modules/@types/node": {
      "version": "20.19.23",
      "license": "MIT",
      "dependencies": {
        "undici-types": "~6.21.0"
      }
    },
    "node_modules/@yk-trip-planner/types": {
      "resolved": "../types",
      "link": true
    },
    "node_modules/date-fns": {
      "version": "3.6.0",
      "license": "MIT",
      "funding": {
        "type": "github",
        "url": "https://github.com/sponsors/kossnocorp"
      }
    },
    "node_modules/typescript": {
      "version": "5.9.3",
      "dev": true,
      "license": "Apache-2.0",
      "bin": {
        "tsc": "bin/tsc",
        "tsserver": "bin/tsserver"
      },
      "engines": {
        "node": ">=14.17"
      }
    },
    "node_modules/undici-types": {
      "version": "6.21.0",
      "license": "MIT"
    }
  }
}
